
Microsoft Visual Studio Solution File, Format Version 12.00
# Visual Studio 14
VisualStudioVersion = 14.0.25420.1
MinimumVisualStudioVersion = 10.0.40219.1
Project("{FAE04EC0-301F-11D3-BF4B-00C04F79EFBC}") = "SkyFaith.Module", "SkyFaith.Module\SkyFaith.Module.csproj", "{5F15837D-D1E5-44DC-92F0-4F2EBE9C3F8D}"
EndProject
Project("{FAE04EC0-301F-11D3-BF4B-00C04F79EFBC}") = "SkyFaith.Module.Web", "SkyFaith.Module.Web\SkyFaith.Module.Web.csproj", "{0C729AAD-7626-4668-A7F1-35F7D240489D}"
EndProject
Project("{FAE04EC0-301F-11D3-BF4B-00C04F79EFBC}") = "SkyFaith.Web", "SkyFaith.Web\SkyFaith.Web.csproj", "{82A6DBC9-B1B4-44E4-9718-55DF930CD349}"
EndProject
Project("{FAE04EC0-301F-11D3-BF4B-00C04F79EFBC}") = "SkyFaith.Module.Win", "SkyFaith.Module.Win\SkyFaith.Module.Win.csproj", "{7964F87D-BC5D-4C4E-8B2F-71E89739AA97}"
EndProject
Project("{FAE04EC0-301F-11D3-BF4B-00C04F79EFBC}") = "SkyFaith.Win", "SkyFaith.Win\SkyFaith.Win.csproj", "{D05D93DF-312D-4D4E-B980-726871EC7833}"
EndProject
Project("{FAE04EC0-301F-11D3-BF4B-00C04F79EFBC}") = "Admiral.ImportData", "Admiral.ImportData\Admiral.ImportData.csproj", "{C05EA8DC-F315-4A0D-A9C7-269C515457FF}"
EndProject
Project("{FAE04EC0-301F-11D3-BF4B-00C04F79EFBC}") = "Admiral.ImportData.Web", "Admiral.ImportData.Web\Admiral.ImportData.Web.csproj", "{A4D76742-6044-4E55-82DF-BDF3EA8129AB}"
EndProject
Project("{FAE04EC0-301F-11D3-BF4B-00C04F79EFBC}") = "Admiral.ImportData.Win", "Admiral.ImportData.Win\Admiral.ImportData.Win.csproj", "{1ECDF975-9640-4F7F-98E2-C73223005655}"
EndProject
Project("{FAE04EC0-301F-11D3-BF4B-00C04F79EFBC}") = "SyncOrderTracking", "SyncOrderTracking\SyncOrderTracking.csproj", "{DE8BA19F-49A4-4CB5-A17C-7B085B6AE5DE}"
EndProject
Project("{FAE04EC0-301F-11D3-BF4B-00C04F79EFBC}") = "DPDModel", "DPDModel\DPDModel.csproj", "{3C5B596A-1EC2-4022-B33F-122574300C54}"
EndProject
Project("{FAE04EC0-301F-11D3-BF4B-00C04F79EFBC}") = "DPDTrack", "DPDTrack\DPDTrack.csproj", "{DDCF0812-3718-4E3C-B42C-14F311729E4D}"
EndProject
Project("{FAE04EC0-301F-11D3-BF4B-00C04F79EFBC}") = "MVVMDemo", "DXApplication1\MVVMDemo\MVVMDemo.csproj", "{99306B65-A5DB-4593-B444-B97930DBEFA2}"
EndProject
Global
	GlobalSection(SolutionConfigurationPlatforms) = preSolution
		Debug|Any CPU = Debug|Any CPU
		EasyTest|Any CPU = EasyTest|Any CPU
		Release|Any CPU = Release|Any CPU
	EndGlobalSection
	GlobalSection(ProjectConfigurationPlatforms) = postSolution
		{5F15837D-D1E5-44DC-92F0-4F2EBE9C3F8D}.Debug|Any CPU.ActiveCfg = Debug|Any CPU
		{5F15837D-D1E5-44DC-92F0-4F2EBE9C3F8D}.Debug|Any CPU.Build.0 = Debug|Any CPU
		{5F15837D-D1E5-44DC-92F0-4F2EBE9C3F8D}.EasyTest|Any CPU.ActiveCfg = EasyTest|Any CPU
		{5F15837D-D1E5-44DC-92F0-4F2EBE9C3F8D}.EasyTest|Any CPU.Build.0 = EasyTest|Any CPU
		{5F15837D-D1E5-44DC-92F0-4F2EBE9C3F8D}.Release|Any CPU.ActiveCfg = Release|Any CPU
		{5F15837D-D1E5-44DC-92F0-4F2EBE9C3F8D}.Release|Any CPU.Build.0 = Release|Any CPU
		{0C729AAD-7626-4668-A7F1-35F7D240489D}.Debug|Any CPU.ActiveCfg = Debug|Any CPU
		{0C729AAD-7626-4668-A7F1-35F7D240489D}.Debug|Any CPU.Build.0 = Debug|Any CPU
		{0C729AAD-7626-4668-A7F1-35F7D240489D}.EasyTest|Any CPU.ActiveCfg = EasyTest|Any CPU
		{0C729AAD-7626-4668-A7F1-35F7D240489D}.EasyTest|Any CPU.Build.0 = EasyTest|Any CPU
		{0C729AAD-7626-4668-A7F1-35F7D240489D}.Release|Any CPU.ActiveCfg = Release|Any CPU
		{0C729AAD-7626-4668-A7F1-35F7D240489D}.Release|Any CPU.Build.0 = Release|Any CPU
		{82A6DBC9-B1B4-44E4-9718-55DF930CD349}.Debug|Any CPU.ActiveCfg = Debug|Any CPU
		{82A6DBC9-B1B4-44E4-9718-55DF930CD349}.Debug|Any CPU.Build.0 = Debug|Any CPU
		{82A6DBC9-B1B4-44E4-9718-55DF930CD349}.EasyTest|Any CPU.ActiveCfg = EasyTest|Any CPU
		{82A6DBC9-B1B4-44E4-9718-55DF930CD349}.EasyTest|Any CPU.Build.0 = EasyTest|Any CPU
		{82A6DBC9-B1B4-44E4-9718-55DF930CD349}.Release|Any CPU.ActiveCfg = Release|Any CPU
		{82A6DBC9-B1B4-44E4-9718-55DF930CD349}.Release|Any CPU.Build.0 = Release|Any CPU
		{7964F87D-BC5D-4C4E-8B2F-71E89739AA97}.Debug|Any CPU.ActiveCfg = Debug|Any CPU
		{7964F87D-BC5D-4C4E-8B2F-71E89739AA97}.Debug|Any CPU.Build.0 = Debug|Any CPU
		{7964F87D-BC5D-4C4E-8B2F-71E89739AA97}.EasyTest|Any CPU.ActiveCfg = EasyTest|Any CPU
		{7964F87D-BC5D-4C4E-8B2F-71E89739AA97}.EasyTest|Any CPU.Build.0 = EasyTest|Any CPU
		{7964F87D-BC5D-4C4E-8B2F-71E89739AA97}.Release|Any CPU.ActiveCfg = Release|Any CPU
		{7964F87D-BC5D-4C4E-8B2F-71E89739AA97}.Release|Any CPU.Build.0 = Release|Any CPU
		{D05D93DF-312D-4D4E-B980-726871EC7833}.Debug|Any CPU.ActiveCfg = Debug|Any CPU
		{D05D93DF-312D-4D4E-B980-726871EC7833}.Debug|Any CPU.Build.0 = Debug|Any CPU
		{D05D93DF-312D-4D4E-B980-726871EC7833}.EasyTest|Any CPU.ActiveCfg = EasyTest|Any CPU
		{D05D93DF-312D-4D4E-B980-726871EC7833}.EasyTest|Any CPU.Build.0 = EasyTest|Any CPU
		{D05D93DF-312D-4D4E-B980-726871EC7833}.Release|Any CPU.ActiveCfg = Release|Any CPU
		{D05D93DF-312D-4D4E-B980-726871EC7833}.Release|Any CPU.Build.0 = Release|Any CPU
		{C05EA8DC-F315-4A0D-A9C7-269C515457FF}.Debug|Any CPU.ActiveCfg = Debug|Any CPU
		{C05EA8DC-F315-4A0D-A9C7-269C515457FF}.Debug|Any CPU.Build.0 = Debug|Any CPU
		{C05EA8DC-F315-4A0D-A9C7-269C515457FF}.EasyTest|Any CPU.ActiveCfg = EasyTest|Any CPU
		{C05EA8DC-F315-4A0D-A9C7-269C515457FF}.EasyTest|Any CPU.Build.0 = EasyTest|Any CPU
		{C05EA8DC-F315-4A0D-A9C7-269C515457FF}.Release|Any CPU.ActiveCfg = Release|Any CPU
		{C05EA8DC-F315-4A0D-A9C7-269C515457FF}.Release|Any CPU.Build.0 = Release|Any CPU
		{A4D76742-6044-4E55-82DF-BDF3EA8129AB}.Debug|Any CPU.ActiveCfg = Debug|Any CPU
		{A4D76742-6044-4E55-82DF-BDF3EA8129AB}.Debug|Any CPU.Build.0 = Debug|Any CPU
		{A4D76742-6044-4E55-82DF-BDF3EA8129AB}.EasyTest|Any CPU.ActiveCfg = EasyTest|Any CPU
		{A4D76742-6044-4E55-82DF-BDF3EA8129AB}.EasyTest|Any CPU.Build.0 = EasyTest|Any CPU
		{A4D76742-6044-4E55-82DF-BDF3EA8129AB}.Release|Any CPU.ActiveCfg = Release|Any CPU
		{A4D76742-6044-4E55-82DF-BDF3EA8129AB}.Release|Any CPU.Build.0 = Release|Any CPU
		{1ECDF975-9640-4F7F-98E2-C73223005655}.Debug|Any CPU.ActiveCfg = Debug|Any CPU
		{1ECDF975-9640-4F7F-98E2-C73223005655}.Debug|Any CPU.Build.0 = Debug|Any CPU
		{1ECDF975-9640-4F7F-98E2-C73223005655}.EasyTest|Any CPU.ActiveCfg = EasyTest|Any CPU
		{1ECDF975-9640-4F7F-98E2-C73223005655}.EasyTest|Any CPU.Build.0 = EasyTest|Any CPU
		{1ECDF975-9640-4F7F-98E2-C73223005655}.Release|Any CPU.ActiveCfg = Release|Any CPU
		{1ECDF975-9640-4F7F-98E2-C73223005655}.Release|Any CPU.Build.0 = Release|Any CPU
		{DE8BA19F-49A4-4CB5-A17C-7B085B6AE5DE}.Debug|Any CPU.ActiveCfg = Debug|Any CPU
		{DE8BA19F-49A4-4CB5-A17C-7B085B6AE5DE}.Debug|Any CPU.Build.0 = Debug|Any CPU
		{DE8BA19F-49A4-4CB5-A17C-7B085B6AE5DE}.EasyTest|Any CPU.ActiveCfg = Release|Any CPU
		{DE8BA19F-49A4-4CB5-A17C-7B085B6AE5DE}.EasyTest|Any CPU.Build.0 = Release|Any CPU
		{DE8BA19F-49A4-4CB5-A17C-7B085B6AE5DE}.Release|Any CPU.ActiveCfg = Release|Any CPU
		{DE8BA19F-49A4-4CB5-A17C-7B085B6AE5DE}.Release|Any CPU.Build.0 = Release|Any CPU
		{3C5B596A-1EC2-4022-B33F-122574300C54}.Debug|Any CPU.ActiveCfg = Debug|Any CPU
		{3C5B596A-1EC2-4022-B33F-122574300C54}.Debug|Any CPU.Build.0 = Debug|Any CPU
		{3C5B596A-1EC2-4022-B33F-122574300C54}.EasyTest|Any CPU.ActiveCfg = Release|Any CPU
		{3C5B596A-1EC2-4022-B33F-122574300C54}.EasyTest|Any CPU.Build.0 = Release|Any CPU
		{3C5B596A-1EC2-4022-B33F-122574300C54}.Release|Any CPU.ActiveCfg = Release|Any CPU
		{3C5B596A-1EC2-4022-B33F-122574300C54}.Release|Any CPU.Build.0 = Release|Any CPU
		{DDCF0812-3718-4E3C-B42C-14F311729E4D}.Debug|Any CPU.ActiveCfg = Debug|Any CPU
		{DDCF0812-3718-4E3C-B42C-14F311729E4D}.Debug|Any CPU.Build.0 = Debug|Any CPU
		{DDCF0812-3718-4E3C-B42C-14F311729E4D}.EasyTest|Any CPU.ActiveCfg = Release|Any CPU
		{DDCF0812-3718-4E3C-B42C-14F311729E4D}.EasyTest|Any CPU.Build.0 = Release|Any CPU
		{DDCF0812-3718-4E3C-B42C-14F311729E4D}.Release|Any CPU.ActiveCfg = Release|Any CPU
		{DDCF0812-3718-4E3C-B42C-14F311729E4D}.Release|Any CPU.Build.0 = Release|Any CPU
		{99306B65-A5DB-4593-B444-B97930DBEFA2}.Debug|Any CPU.ActiveCfg = Debug|Any CPU
		{99306B65-A5DB-4593-B444-B97930DBEFA2}.Debug|Any CPU.Build.0 = Debug|Any CPU
		{99306B65-A5DB-4593-B444-B97930DBEFA2}.EasyTest|Any CPU.ActiveCfg = Release|Any CPU
		{99306B65-A5DB-4593-B444-B97930DBEFA2}.EasyTest|Any CPU.Build.0 = Release|Any CPU
		{99306B65-A5DB-4593-B444-B97930DBEFA2}.Release|Any CPU.ActiveCfg = Release|Any CPU
		{99306B65-A5DB-4593-B444-B97930DBEFA2}.Release|Any CPU.Build.0 = Release|Any CPU
	EndGlobalSection
	GlobalSection(SolutionProperties) = preSolution
		HideSolutionNode = FALSE
	EndGlobalSection
EndGlobal
